// !$*UTF8*$!
{
	archiveVersion = 1;
	classes = {
	};
	objectVersion = 46;
	objects = {

/* Begin PBXBuildFile section */
		4F700839624092E64A77F693 /* Pods_PopMenu.framework in Frameworks */ = {isa = PBXBuildFile; fileRef = CB09313CF0960F63FB607A16 /* Pods_PopMenu.framework */; };
		F017E3D11D80153000082EFF /* main.m in Sources */ = {isa = PBXBuildFile; fileRef = F017E3D01D80153000082EFF /* main.m */; };
		F017E3D41D80153000082EFF /* AppDelegate.m in Sources */ = {isa = PBXBuildFile; fileRef = F017E3D31D80153000082EFF /* AppDelegate.m */; };
		F017E3D71D80153000082EFF /* ViewController.m in Sources */ = {isa = PBXBuildFile; fileRef = F017E3D61D80153000082EFF /* ViewController.m */; };
		F017E3DA1D80153000082EFF /* Main.storyboard in Resources */ = {isa = PBXBuildFile; fileRef = F017E3D81D80153000082EFF /* Main.storyboard */; };
		F017E3DC1D80153000082EFF /* Assets.xcassets in Resources */ = {isa = PBXBuildFile; fileRef = F017E3DB1D80153000082EFF /* Assets.xcassets */; };
		F017E3DF1D80153000082EFF /* LaunchScreen.storyboard in Resources */ = {isa = PBXBuildFile; fileRef = F017E3DD1D80153000082EFF /* LaunchScreen.storyboard */; };
/* End PBXBuildFile section */

/* Begin PBXFileReference section */
		3D4A053F739949AB913F1D5C /* Pods-PopMenu.release.xcconfig */ = {isa = PBXFileReference; includeInIndex = 1; lastKnownFileType = text.xcconfig; name = "Pods-PopMenu.release.xcconfig"; path = "Pods/Target Support Files/Pods-PopMenu/Pods-PopMenu.release.xcconfig"; sourceTree = "<group>"; };
		A4714B570C173B26E6A01BD1 /* Pods-PopMenu.debug.xcconfig */ = {isa = PBXFileReference; includeInIndex = 1; lastKnownFileType = text.xcconfig; name = "Pods-PopMenu.debug.xcconfig"; path = "Pods/Target Support Files/Pods-PopMenu/Pods-PopMenu.debug.xcconfig"; sourceTree = "<group>"; };
		CB09313CF0960F63FB607A16 /* Pods_PopMenu.framework */ = {isa = PBXFileReference; explicitFileType = wrapper.framework; includeInIndex = 0; path = Pods_PopMenu.framework; sourceTree = BUILT_PRODUCTS_DIR; };
		F017E3CC1D80152F00082EFF /* PopMenu.app */ = {isa = PBXFileReference; explicitFileType = wrapper.application; includeInIndex = 0; path = PopMenu.app; sourceTree = BUILT_PRODUCTS_DIR; };
		F017E3D01D80153000082EFF /* main.m */ = {isa = PBXFileReference; lastKnownFileType = sourcecode.c.objc; path = main.m; sourceTree = "<group>"; };
		F017E3D21D80153000082EFF /* AppDelegate.h */ = {isa = PBXFileReference; lastKnownFileType = sourcecode.c.h; path = AppDelegate.h; sourceTree = "<group>"; };
		F017E3D31D80153000082EFF /* AppDelegate.m */ = {isa = PBXFileReference; lastKnownFileType = sourcecode.c.objc; path = AppDelegate.m; sourceTree = "<group>"; };
		F017E3D51D80153000082EFF /* ViewController.h */ = {isa = PBXFileReference; lastKnownFileType = sourcecode.c.h; path = ViewController.h; sourceTree = "<group>"; };
		F017E3D61D80153000082EFF /* ViewController.m */ = {isa = PBXFileReference; lastKnownFileType = sourcecode.c.objc; path = ViewController.m; sourceTree = "<group>"; };
		F017E3D91D80153000082EFF /* Base */ = {isa = PBXFileReference; lastKnownFileType = file.storyboard; name = Base; path = Base.lproj/Main.storyboard; sourceTree = "<group>"; };
		F017E3DB1D80153000082EFF /* Assets.xcassets */ = {isa = PBXFileReference; lastKnownFileType = folder.assetcatalog; path = Assets.xcassets; sourceTree = "<group>"; };
		F017E3DE1D80153000082EFF /* Base */ = {isa = PBXFileReference; lastKnownFileType = file.storyboard; name = Base; path = Base.lproj/LaunchScreen.storyboard; sourceTree = "<group>"; };
		F017E3E01D80153000082EFF /* Info.plist */ = {isa = PBXFileReference; lastKnownFileType = text.plist.xml; path = Info.plist; sourceTree = "<group>"; };
/* End PBXFileReference section */

/* Begin PBXFrameworksBuildPhase section */
		F017E3C91D80152F00082EFF /* Frameworks */ = {
			isa = PBXFrameworksBuildPhase;
			buildActionMask = 2147483647;
			files = (
				4F700839624092E64A77F693 /* Pods_PopMenu.framework in Frameworks */,
			);
			runOnlyForDeploymentPostprocessing = 0;
		};
/* End PBXFrameworksBuildPhase section */

/* Begin PBXGroup section */
		723D55F8628CA5110FB69EBE /* Pods */ = {
			isa = PBXGroup;
			children = (
				A4714B570C173B26E6A01BD1 /* Pods-PopMenu.debug.xcconfig */,
				3D4A053F739949AB913F1D5C /* Pods-PopMenu.release.xcconfig */,
			);
			name = Pods;
			sourceTree = "<group>";
		};
		766A9D43BB6D73BEE981442F /* Frameworks */ = {
			isa = PBXGroup;
			children = (
				CB09313CF0960F63FB607A16 /* Pods_PopMenu.framework */,
			);
			name = Frameworks;
			sourceTree = "<group>";
		};
		F017E3C31D80152F00082EFF = {
			isa = PBXGroup;
			children = (
				F017E3CE1D80153000082EFF /* PopMenu */,
				F017E3CD1D80152F00082EFF /* Products */,
				723D55F8628CA5110FB69EBE /* Pods */,
				766A9D43BB6D73BEE981442F /* Frameworks */,
			);
			sourceTree = "<group>";
		};
		F017E3CD1D80152F00082EFF /* Products */ = {
			isa = PBXGroup;
			children = (
				F017E3CC1D80152F00082EFF /* PopMenu.app */,
			);
			name = Products;
			sourceTree = "<group>";
		};
		F017E3CE1D80153000082EFF /* PopMenu */ = {
			isa = PBXGroup;
			children = (
				F017E3D21D80153000082EFF /* AppDelegate.h */,
				F017E3D31D80153000082EFF /* AppDelegate.m */,
				F017E3D51D80153000082EFF /* ViewController.h */,
				F017E3D61D80153000082EFF /* ViewController.m */,
				F017E3D81D80153000082EFF /* Main.storyboard */,
				F017E3DB1D80153000082EFF /* Assets.xcassets */,
				F017E3DD1D80153000082EFF /* LaunchScreen.storyboard */,
				F017E3E01D80153000082EFF /* Info.plist */,
				F017E3CF1D80153000082EFF /* Supporting Files */,
			);
			path = PopMenu;
			sourceTree = "<group>";
		};
		F017E3CF1D80153000082EFF /* Supporting Files */ = {
			isa = PBXGroup;
			children = (
				F017E3D01D80153000082EFF /* main.m */,
			);
			name = "Supporting Files";
			sourceTree = "<group>";
		};
/* End PBXGroup section */

/* Begin PBXNativeTarget section */
		F017E3CB1D80152F00082EFF /* PopMenu */ = {
			isa = PBXNativeTarget;
			buildConfigurationList = F017E3F91D80153000082EFF /* Build configuration list for PBXNativeTarget "PopMenu" */;
			buildPhases = (
				6B0B7C770298D88793329837 /* [CP] Check Pods Manifest.lock */,
				F017E3C81D80152F00082EFF /* Sources */,
				F017E3C91D80152F00082EFF /* Frameworks */,
				F017E3CA1D80152F00082EFF /* Resources */,
				6F2AD55030A69AB0CAEE7156 /* [CP] Embed Pods Frameworks */,
			);
			buildRules = (
			);
			dependencies = (
			);
			name = PopMenu;
			productName = PopMenu;
			productReference = F017E3CC1D80152F00082EFF /* PopMenu.app */;
			productType = "com.apple.product-type.application";
		};
/* End PBXNativeTarget section */

/* Begin PBXProject section */
		F017E3C41D80152F00082EFF /* Project object */ = {
			isa = PBXProject;
			attributes = {
				LastUpgradeCheck = 1010;
				ORGANIZATIONNAME = wangluting;
				TargetAttributes = {
					F017E3CB1D80152F00082EFF = {
						CreatedOnToolsVersion = 7.3.1;
					};
				};
			};
			buildConfigurationList = F017E3C71D80152F00082EFF /* Build configuration list for PBXProject "PopMenu" */;
			compatibilityVersion = "Xcode 3.2";
			developmentRegion = English;
			hasScannedForEncodings = 0;
			knownRegions = (
				en,
				Base,
			);
			mainGroup = F017E3C31D80152F00082EFF;
			productRefGroup = F017E3CD1D80152F00082EFF /* Products */;
			projectDirPath = "";
			projectRoot = "";
			targets = (
				F017E3CB1D80152F00082EFF /* PopMenu */,
			);
		};
/* End PBXProject section */

/* Begin PBXResourcesBuildPhase section */
		F017E3CA1D80152F00082EFF /* Resources */ = {
			isa = PBXResourcesBuildPhase;
			buildActionMask = 2147483647;
			files = (
				F017E3DF1D80153000082EFF /* LaunchScreen.storyboard in Resources */,
				F017E3DC1D80153000082EFF /* Assets.xcassets in Resources */,
				F017E3DA1D80153000082EFF /* Main.storyboard in Resources */,
			);
			runOnlyForDeploymentPostprocessing = 0;
		};
/* End PBXResourcesBuildPhase section */

/* Begin PBXShellScriptBuildPhase section */
		6B0B7C770298D88793329837 /* [CP] Check Pods Manifest.lock */ = {
			isa = PBXShellScriptBuildPhase;
			buildActionMask = 2147483647;
			files = (
			);
			inputFileListPaths = (
			);
			inputPaths = (
				"${PODS_PODFILE_DIR_PATH}/Podfile.lock",
				"${PODS_ROOT}/Manifest.lock",
			);
			name = "[CP] Check Pods Manifest.lock";
			outputFileListPaths = (
			);
			outputPaths = (
				"$(DERIVED_FILE_DIR)/Pods-PopMenu-checkManifestLockResult.txt",
			);
			runOnlyForDeploymentPostprocessing = 0;
			shellPath = /bin/sh;
			shellScript = "diff \"${PODS_PODFILE_DIR_PATH}/Podfile.lock\" \"${PODS_ROOT}/Manifest.lock\" > /dev/null\nif [ $? != 0 ] ; then\n    # print error to STDERR\n    echo \"error: The sandbox is not in sync with the Podfile.lock. Run 'pod install' or update your CocoaPods installation.\" >&2\n    exit 1\nfi\n# This output is used by Xcode 'outputs' to avoid re-running this script phase.\necho \"SUCCESS\" > \"${SCRIPT_OUTPUT_FILE_0}\"\n";
			showEnvVarsInLog = 0;
		};
		6F2AD55030A69AB0CAEE7156 /* [CP] Embed Pods Frameworks */ = {
			isa = PBXShellScriptBuildPhase;
			buildActionMask = 2147483647;
			files = (
			);
			inputFileListPaths = (
			);
			inputPaths = (
				"${SRCROOT}/Pods/Target Support Files/Pods-PopMenu/Pods-PopMenu-frameworks.sh",
				"${BUILT_PRODUCTS_DIR}/WWPopMenu/WWPopMenu.framework",
			);
			name = "[CP] Embed Pods Frameworks";
			outputFileListPaths = (
			);
			outputPaths = (
				"${TARGET_BUILD_DIR}/${FRAMEWORKS_FOLDER_PATH}/WWPopMenu.framework",
			);
			runOnlyForDeploymentPostprocessing = 0;
			shellPath = /bin/sh;
			shellScript = "\"${SRCROOT}/Pods/Target Support Files/Pods-PopMenu/Pods-PopMenu-frameworks.sh\"\n";
			showEnvVarsInLog = 0;
		};
/* End PBXShellScriptBuildPhase section */

/* Begin PBXSourcesBuildPhase section */
		F017E3C81D80152F00082EFF /* Sources */ = {
			isa = PBXSourcesBuildPhase;
			buildActionMask = 2147483647;
			files = (
				F017E3D71D80153000082EFF /* ViewController.m in Sources */,
				F017E3D41D80153000082EFF /* AppDelegate.m in Sources */,
				F017E3D11D80153000082EFF /* main.m in Sources */,
			);
			runOnlyForDeploymentPostprocessing = 0;
		};
/* End PBXSourcesBuildPhase section */

/* Begin PBXVariantGroup section */
		F017E3D81D80153000082EFF /* Main.storyboard */ = {
			isa = PBXVariantGroup;
			children = (
				F017E3D91D80153000082EFF /* Base */,
			);
			name = Main.storyboard;
			sourceTree = "<group>";
		};
		F017E3DD1D80153000082EFF /* LaunchScreen.storyboard */ = {
			isa = PBXVariantGroup;
			children = (
				F017E3DE1D80153000082EFF /* Base */,
			);
			name = LaunchScreen.storyboard;
			sourceTree = "<group>";
		};
/* End PBXVariantGroup section */

/* Begin XCBuildConfiguration section */
		F017E3F71D80153000082EFF /* Debug */ = {
			isa = XCBuildConfiguration;
			buildSettings = {
				ALWAYS_SEARCH_USER_PATHS = NO;
				CLANG_ANALYZER_NONNULL = YES;
				CLANG_CXX_LANGUAGE_STANDARD = "gnu++0x";
				CLANG_CXX_LIBRARY = "libc++";
				CLANG_ENABLE_MODULES = YES;
				CLANG_ENABLE_OBJC_ARC = YES;
				CLANG_WARN_BLOCK_CAPTURE_AUTORELEASING = YES;
				CLANG_WARN_BOOL_CONVERSION = YES;
				CLANG_WARN_COMMA = YES;
				CLANG_WARN_CONSTANT_CONVERSION = YES;
				CLANG_WARN_DEPRECATED_OBJC_IMPLEMENTATIONS = YES;
				CLANG_WARN_DIRECT_OBJC_ISA_USAGE = YES_ERROR;
				CLANG_WARN_EMPTY_BODY = YES;
				CLANG_WARN_ENUM_CONVERSION = YES;
				CLANG_WARN_INFINITE_RECURSION = YES;
				CLANG_WARN_INT_CONVERSION = YES;
				CLANG_WARN_NON_LITERAL_NULL_CONVERSION = YES;
				CLANG_WARN_OBJC_IMPLICIT_RETAIN_SELF = YES;
				CLANG_WARN_OBJC_LITERAL_CONVERSION = YES;
				CLANG_WARN_OBJC_ROOT_CLASS = YES_ERROR;
				CLANG_WARN_RANGE_LOOP_ANALYSIS = YES;
				CLANG_WARN_STRICT_PROTOTYPES = YES;
				CLANG_WARN_SUSPICIOUS_MOVE = YES;
				CLANG_WARN_UNREACHABLE_CODE = YES;
				CLANG_WARN__DUPLICATE_METHOD_MATCH = YES;
				"CODE_SIGN_IDENTITY[sdk=iphoneos*]" = "iPhone Developer";
				COPY_PHASE_STRIP = NO;
				DEBUG_INFORMATION_FORMAT = dwarf;
				ENABLE_STRICT_OBJC_MSGSEND = YES;
				ENABLE_TESTABILITY = YES;
				GCC_C_LANGUAGE_STANDARD = gnu99;
				GCC_DYNAMIC_NO_PIC = NO;
				GCC_NO_COMMON_BLOCKS = YES;
				GCC_OPTIMIZATION_LEVEL = 0;
				GCC_PREPROCESSOR_DEFINITIONS = (
					"DEBUG=1",
					"$(inherited)",
				);
				GCC_WARN_64_TO_32_BIT_CONVERSION = YES;
				GCC_WARN_ABOUT_RETURN_TYPE = YES_ERROR;
				GCC_WARN_UNDECLARED_SELECTOR = YES;
				GCC_WARN_UNINITIALIZED_AUTOS = YES_AGGRESSIVE;
				GCC_WARN_UNUSED_FUNCTION = YES;
				GCC_WARN_UNUSED_VARIABLE = YES;
				IPHONEOS_DEPLOYMENT_TARGET = 9.3;
				MTL_ENABLE_DEBUG_INFO = YES;
				ONLY_ACTIVE_ARCH = YES;
				SDKROOT = iphoneos;
			};
			name = Debug;
		};
		F017E3F81D80153000082EFF /* Release */ = {
			isa = XCBuildConfiguration;
			buildSettings = {
				ALWAYS_SEARCH_USER_PATHS = NO;
				CLANG_ANALYZER_NONNULL = YES;
				CLANG_CXX_LANGUAGE_STANDARD = "gnu++0x";
				CLANG_CXX_LIBRARY = "libc++";
				CLANG_ENABLE_MODULES = YES;
				CLANG_ENABLE_OBJC_ARC = YES;
				CLANG_WARN_BLOCK_CAPTURE_AUTORELEASING = YES;
				CLANG_WARN_BOOL_CONVERSION = YES;
				CLANG_WARN_COMMA = YES;
				CLANG_WARN_CONSTANT_CONVERSION = YES;
				CLANG_WARN_DEPRECATED_OBJC_IMPLEMENTATIONS = YES;
				CLANG_WARN_DIRECT_OBJC_ISA_USAGE = YES_ERROR;
				CLANG_WARN_EMPTY_BODY = YES;
				CLANG_WARN_ENUM_CONVERSION = YES;
				CLANG_WARN_INFINITE_RECURSION = YES;
				CLANG_WARN_INT_CONVERSION = YES;
				CLANG_WARN_NON_LITERAL_NULL_CONVERSION = YES;
				CLANG_WARN_OBJC_IMPLICIT_RETAIN_SELF = YES;
				CLANG_WARN_OBJC_LITERAL_CONVERSION = YES;
				CLANG_WARN_OBJC_ROOT_CLASS = YES_ERROR;
				CLANG_WARN_RANGE_LOOP_ANALYSIS = YES;
				CLANG_WARN_STRICT_PROTOTYPES = YES;
				CLANG_WARN_SUSPICIOUS_MOVE = YES;
				CLANG_WARN_UNREACHABLE_CODE = YES;
				CLANG_WARN__DUPLICATE_METHOD_MATCH = YES;
				"CODE_SIGN_IDENTITY[sdk=iphoneos*]" = "iPhone Developer";
				COPY_PHASE_STRIP = NO;
				DEBUG_INFORMATION_FORMAT = "dwarf-with-dsym";
				ENABLE_NS_ASSERTIONS = NO;
				ENABLE_STRICT_OBJC_MSGSEND = YES;
				GCC_C_LANGUAGE_STANDARD = gnu99;
				GCC_NO_COMMON_BLOCKS = YES;
				GCC_WARN_64_TO_32_BIT_CONVERSION = YES;
				GCC_WARN_ABOUT_RETURN_TYPE = YES_ERROR;
				GCC_WARN_UNDECLARED_SELECTOR = YES;
				GCC_WARN_UNINITIALIZED_AUTOS = YES_AGGRESSIVE;
				GCC_WARN_UNUSED_FUNCTION = YES;
				GCC_WARN_UNUSED_VARIABLE = YES;
				IPHONEOS_DEPLOYMENT_TARGET = 9.3;
				MTL_ENABLE_DEBUG_INFO = NO;
				SDKROOT = iphoneos;
				VALIDATE_PRODUCT = YES;
			};
			name = Release;
		};
		F017E3FA1D80153000082EFF /* Debug */ = {
			isa = XCBuildConfiguration;
			baseConfigurationReference = A4714B570C173B26E6A01BD1 /* Pods-PopMenu.debug.xcconfig */;
			buildSettings = {
				ASSETCATALOG_COMPILER_APPICON_NAME = AppIcon;
				FRAMEWORK_SEARCH_PATHS = (
					"$(inherited)",
					"$(PROJECT_DIR)/PopMenu/YYKit/Vendor",
				);
				INFOPLIST_FILE = PopMenu/Info.plist;
				IPHONEOS_DEPLOYMENT_TARGET = 9.1;
				LD_RUNPATH_SEARCH_PATHS = "$(inherited) @executable_path/Frameworks";
				PRODUCT_BUNDLE_IDENTIFIER = com.wangluting.ios;
				PRODUCT_NAME = "$(TARGET_NAME)";
			};
			name = Debug;
		};
		F017E3FB1D80153000082EFF /* Release */ = {
			isa = XCBuildConfiguration;
			baseConfigurationReference = 3D4A053F739949AB913F1D5C /* Pods-PopMenu.release.xcconfig */;
			buildSettings = {
				ASSETCATALOG_COMPILER_APPICON_NAME = AppIcon;
				FRAMEWORK_SEARCH_PATHS = (
					"$(inherited)",
					"$(PROJECT_DIR)/PopMenu/YYKit/Vendor",
				);
				INFOPLIST_FILE = PopMenu/Info.plist;
				IPHONEOS_DEPLOYMENT_TARGET = 9.1;
				LD_RUNPATH_SEARCH_PATHS = "$(inherited) @executable_path/Frameworks";
				PRODUCT_BUNDLE_IDENTIFIER = com.wangluting.ios;
				PRODUCT_NAME = "$(TARGET_NAME)";
			};
			name = Release;
		};
/* End XCBuildConfiguration section */

/* Begin XCConfigurationList section */
		F017E3C71D80152F00082EFF /* Build configuration list for PBXProject "PopMenu" */ = {
			isa = XCConfigurationList;
			buildConfigurations = (
				F017E3F71D80153000082EFF /* Debug */,
				F017E3F81D80153000082EFF /* Release */,
			);
			defaultConfigurationIsVisible = 0;
			defaultConfigurationName = Release;
		};
		F017E3F91D80153000082EFF /* Build configuration list for PBXNativeTarget "PopMenu" */ = {
			isa = XCConfigurationList;
			buildConfigurations = (
				F017E3FA1D80153000082EFF /* Debug */,
				F017E3FB1D80153000082EFF /* Release */,
			);
			defaultConfigurationIsVisible = 0;
			defaultConfigurationName = Release;
		};
/* End XCConfigurationList section */
	};
	rootObject = F017E3C41D80152F00082EFF /* Project object */;
}
